
Microsoft Visual Studio Solution File, Format Version 12.00
# Visual Studio Version 17
Project("{8BC9CEB8-8B4A-11D0-8D11-00A0C91BC942}") = "ALL_BUILD", "ALL_BUILD.vcxproj", "{16FE1612-AE9F-371C-BDF4-E69791115E57}"
	ProjectSection(ProjectDependencies) = postProject
		{D009CB8B-7D58-31F0-B893-45B8DD15D4AA} = {D009CB8B-7D58-31F0-B893-45B8DD15D4AA}
		{A52FA882-0401-382B-BED1-A3FB9192E525} = {A52FA882-0401-382B-BED1-A3FB9192E525}
		{3B1FF4E8-4E2A-33AA-8BB7-58130E4D7838} = {3B1FF4E8-4E2A-33AA-8BB7-58130E4D7838}
		{C2A69430-26BE-378B-855F-8D2005655D2E} = {C2A69430-26BE-378B-855F-8D2005655D2E}
		{F58D2FB1-82CD-303E-BC90-3FF251F00242} = {F58D2FB1-82CD-303E-BC90-3FF251F00242}
		{CC2D4FAD-1B7D-340E-9AA4-8B2EFA5F48D0} = {CC2D4FAD-1B7D-340E-9AA4-8B2EFA5F48D0}
		{2C5FB9E3-9AE3-393F-AF82-38C28CC78BC9} = {2C5FB9E3-9AE3-393F-AF82-38C28CC78BC9}
		{8A59C2C7-EABE-3930-AFB4-6DB63EBF11FE} = {8A59C2C7-EABE-3930-AFB4-6DB63EBF11FE}
	EndProjectSection
EndProject
Project("{8BC9CEB8-8B4A-11D0-8D11-00A0C91BC942}") = "ZERO_CHECK", "ZERO_CHECK.vcxproj", "{D009CB8B-7D58-31F0-B893-45B8DD15D4AA}"
	ProjectSection(ProjectDependencies) = postProject
	EndProjectSection
EndProject
Project("{8BC9CEB8-8B4A-11D0-8D11-00A0C91BC942}") = "app_main", "app\app_main.vcxproj", "{A52FA882-0401-382B-BED1-A3FB9192E525}"
	ProjectSection(ProjectDependencies) = postProject
		{D009CB8B-7D58-31F0-B893-45B8DD15D4AA} = {D009CB8B-7D58-31F0-B893-45B8DD15D4AA}
		{C2A69430-26BE-378B-855F-8D2005655D2E} = {C2A69430-26BE-378B-855F-8D2005655D2E}
		{F58D2FB1-82CD-303E-BC90-3FF251F00242} = {F58D2FB1-82CD-303E-BC90-3FF251F00242}
		{CC2D4FAD-1B7D-340E-9AA4-8B2EFA5F48D0} = {CC2D4FAD-1B7D-340E-9AA4-8B2EFA5F48D0}
		{2C5FB9E3-9AE3-393F-AF82-38C28CC78BC9} = {2C5FB9E3-9AE3-393F-AF82-38C28CC78BC9}
	EndProjectSection
EndProject
Project("{8BC9CEB8-8B4A-11D0-8D11-00A0C91BC942}") = "bs2_default", "pico-sdk\src\rp2040\boot_stage2\bs2_default.vcxproj", "{3B1FF4E8-4E2A-33AA-8BB7-58130E4D7838}"
	ProjectSection(ProjectDependencies) = postProject
		{D009CB8B-7D58-31F0-B893-45B8DD15D4AA} = {D009CB8B-7D58-31F0-B893-45B8DD15D4AA}
	EndProjectSection
EndProject
Project("{8BC9CEB8-8B4A-11D0-8D11-00A0C91BC942}") = "bs2_default_bin", "pico-sdk\src\rp2040\boot_stage2\bs2_default_bin.vcxproj", "{9894F8F9-7497-3BB7-B1D3-384A02B97CE6}"
	ProjectSection(ProjectDependencies) = postProject
		{D009CB8B-7D58-31F0-B893-45B8DD15D4AA} = {D009CB8B-7D58-31F0-B893-45B8DD15D4AA}
		{3B1FF4E8-4E2A-33AA-8BB7-58130E4D7838} = {3B1FF4E8-4E2A-33AA-8BB7-58130E4D7838}
	EndProjectSection
EndProject
Project("{8BC9CEB8-8B4A-11D0-8D11-00A0C91BC942}") = "bs2_default_library", "pico-sdk\src\rp2040\boot_stage2\bs2_default_library.vcxproj", "{C2A69430-26BE-378B-855F-8D2005655D2E}"
	ProjectSection(ProjectDependencies) = postProject
		{D009CB8B-7D58-31F0-B893-45B8DD15D4AA} = {D009CB8B-7D58-31F0-B893-45B8DD15D4AA}
		{3B1FF4E8-4E2A-33AA-8BB7-58130E4D7838} = {3B1FF4E8-4E2A-33AA-8BB7-58130E4D7838}
	EndProjectSection
EndProject
Project("{8BC9CEB8-8B4A-11D0-8D11-00A0C91BC942}") = "cyw43_driver_picow_cyw43_bus_pio_spi_pio_h", "pico-sdk\src\rp2_common\pico_cyw43_driver\cyw43_driver_picow_cyw43_bus_pio_spi_pio_h.vcxproj", "{575598F0-8C67-3447-BCF7-5CE49A2E5D6B}"
	ProjectSection(ProjectDependencies) = postProject
		{D009CB8B-7D58-31F0-B893-45B8DD15D4AA} = {D009CB8B-7D58-31F0-B893-45B8DD15D4AA}
		{5C670BBD-3D4B-3F36-BDCD-675309415794} = {5C670BBD-3D4B-3F36-BDCD-675309415794}
	EndProjectSection
EndProject
Project("{8BC9CEB8-8B4A-11D0-8D11-00A0C91BC942}") = "fatfs_lib", "fatfs\fatfs_lib.vcxproj", "{F58D2FB1-82CD-303E-BC90-3FF251F00242}"
	ProjectSection(ProjectDependencies) = postProject
		{D009CB8B-7D58-31F0-B893-45B8DD15D4AA} = {D009CB8B-7D58-31F0-B893-45B8DD15D4AA}
		{C2A69430-26BE-378B-855F-8D2005655D2E} = {C2A69430-26BE-378B-855F-8D2005655D2E}
	EndProjectSection
EndProject
Project("{8BC9CEB8-8B4A-11D0-8D11-00A0C91BC942}") = "file_processing", "file_processing\file_processing.vcxproj", "{CC2D4FAD-1B7D-340E-9AA4-8B2EFA5F48D0}"
	ProjectSection(ProjectDependencies) = postProject
		{D009CB8B-7D58-31F0-B893-45B8DD15D4AA} = {D009CB8B-7D58-31F0-B893-45B8DD15D4AA}
		{C2A69430-26BE-378B-855F-8D2005655D2E} = {C2A69430-26BE-378B-855F-8D2005655D2E}
		{F58D2FB1-82CD-303E-BC90-3FF251F00242} = {F58D2FB1-82CD-303E-BC90-3FF251F00242}
		{2C5FB9E3-9AE3-393F-AF82-38C28CC78BC9} = {2C5FB9E3-9AE3-393F-AF82-38C28CC78BC9}
	EndProjectSection
EndProject
Project("{8BC9CEB8-8B4A-11D0-8D11-00A0C91BC942}") = "hardware_processing", "hardware_processing\hardware_processing.vcxproj", "{2C5FB9E3-9AE3-393F-AF82-38C28CC78BC9}"
	ProjectSection(ProjectDependencies) = postProject
		{D009CB8B-7D58-31F0-B893-45B8DD15D4AA} = {D009CB8B-7D58-31F0-B893-45B8DD15D4AA}
		{C2A69430-26BE-378B-855F-8D2005655D2E} = {C2A69430-26BE-378B-855F-8D2005655D2E}
		{F58D2FB1-82CD-303E-BC90-3FF251F00242} = {F58D2FB1-82CD-303E-BC90-3FF251F00242}
		{2B4901B2-5251-39D7-8D75-38933B9E6AA6} = {2B4901B2-5251-39D7-8D75-38933B9E6AA6}
	EndProjectSection
EndProject
Project("{8BC9CEB8-8B4A-11D0-8D11-00A0C91BC942}") = "hardware_processing_clocked_input_pio_h", "hardware_processing\hardware_processing_clocked_input_pio_h.vcxproj", "{2B4901B2-5251-39D7-8D75-38933B9E6AA6}"
	ProjectSection(ProjectDependencies) = postProject
		{D009CB8B-7D58-31F0-B893-45B8DD15D4AA} = {D009CB8B-7D58-31F0-B893-45B8DD15D4AA}
		{5C670BBD-3D4B-3F36-BDCD-675309415794} = {5C670BBD-3D4B-3F36-BDCD-675309415794}
	EndProjectSection
EndProject
Project("{8BC9CEB8-8B4A-11D0-8D11-00A0C91BC942}") = "host_storage", "tusb_src\host_storage.vcxproj", "{8A59C2C7-EABE-3930-AFB4-6DB63EBF11FE}"
	ProjectSection(ProjectDependencies) = postProject
		{D009CB8B-7D58-31F0-B893-45B8DD15D4AA} = {D009CB8B-7D58-31F0-B893-45B8DD15D4AA}
		{C2A69430-26BE-378B-855F-8D2005655D2E} = {C2A69430-26BE-378B-855F-8D2005655D2E}
		{F58D2FB1-82CD-303E-BC90-3FF251F00242} = {F58D2FB1-82CD-303E-BC90-3FF251F00242}
		{CC2D4FAD-1B7D-340E-9AA4-8B2EFA5F48D0} = {CC2D4FAD-1B7D-340E-9AA4-8B2EFA5F48D0}
		{2C5FB9E3-9AE3-393F-AF82-38C28CC78BC9} = {2C5FB9E3-9AE3-393F-AF82-38C28CC78BC9}
	EndProjectSection
EndProject
Project("{8BC9CEB8-8B4A-11D0-8D11-00A0C91BC942}") = "pico_status_led_ws2812_pio_h", "pico-sdk\src\rp2_common\pico_status_led\pico_status_led_ws2812_pio_h.vcxproj", "{55D10B4D-382C-3C38-B424-375009858049}"
	ProjectSection(ProjectDependencies) = postProject
		{D009CB8B-7D58-31F0-B893-45B8DD15D4AA} = {D009CB8B-7D58-31F0-B893-45B8DD15D4AA}
		{5C670BBD-3D4B-3F36-BDCD-675309415794} = {5C670BBD-3D4B-3F36-BDCD-675309415794}
	EndProjectSection
EndProject
Project("{8BC9CEB8-8B4A-11D0-8D11-00A0C91BC942}") = "pioasmBuild", "pico-sdk\src\rp2_common\pico_cyw43_driver\pioasmBuild.vcxproj", "{5C670BBD-3D4B-3F36-BDCD-675309415794}"
	ProjectSection(ProjectDependencies) = postProject
		{D009CB8B-7D58-31F0-B893-45B8DD15D4AA} = {D009CB8B-7D58-31F0-B893-45B8DD15D4AA}
	EndProjectSection
EndProject
Global
	GlobalSection(SolutionConfigurationPlatforms) = preSolution
		Debug|x64 = Debug|x64
		Release|x64 = Release|x64
		MinSizeRel|x64 = MinSizeRel|x64
		RelWithDebInfo|x64 = RelWithDebInfo|x64
	EndGlobalSection
	GlobalSection(ProjectConfigurationPlatforms) = postSolution
		{16FE1612-AE9F-371C-BDF4-E69791115E57}.Debug|x64.ActiveCfg = Debug|x64
		{16FE1612-AE9F-371C-BDF4-E69791115E57}.Release|x64.ActiveCfg = Release|x64
		{16FE1612-AE9F-371C-BDF4-E69791115E57}.MinSizeRel|x64.ActiveCfg = MinSizeRel|x64
		{16FE1612-AE9F-371C-BDF4-E69791115E57}.RelWithDebInfo|x64.ActiveCfg = RelWithDebInfo|x64
		{D009CB8B-7D58-31F0-B893-45B8DD15D4AA}.Debug|x64.ActiveCfg = Debug|x64
		{D009CB8B-7D58-31F0-B893-45B8DD15D4AA}.Debug|x64.Build.0 = Debug|x64
		{D009CB8B-7D58-31F0-B893-45B8DD15D4AA}.Release|x64.ActiveCfg = Release|x64
		{D009CB8B-7D58-31F0-B893-45B8DD15D4AA}.Release|x64.Build.0 = Release|x64
		{D009CB8B-7D58-31F0-B893-45B8DD15D4AA}.MinSizeRel|x64.ActiveCfg = MinSizeRel|x64
		{D009CB8B-7D58-31F0-B893-45B8DD15D4AA}.MinSizeRel|x64.Build.0 = MinSizeRel|x64
		{D009CB8B-7D58-31F0-B893-45B8DD15D4AA}.RelWithDebInfo|x64.ActiveCfg = RelWithDebInfo|x64
		{D009CB8B-7D58-31F0-B893-45B8DD15D4AA}.RelWithDebInfo|x64.Build.0 = RelWithDebInfo|x64
		{A52FA882-0401-382B-BED1-A3FB9192E525}.Debug|x64.ActiveCfg = Debug|x64
		{A52FA882-0401-382B-BED1-A3FB9192E525}.Debug|x64.Build.0 = Debug|x64
		{A52FA882-0401-382B-BED1-A3FB9192E525}.Release|x64.ActiveCfg = Release|x64
		{A52FA882-0401-382B-BED1-A3FB9192E525}.Release|x64.Build.0 = Release|x64
		{A52FA882-0401-382B-BED1-A3FB9192E525}.MinSizeRel|x64.ActiveCfg = MinSizeRel|x64
		{A52FA882-0401-382B-BED1-A3FB9192E525}.MinSizeRel|x64.Build.0 = MinSizeRel|x64
		{A52FA882-0401-382B-BED1-A3FB9192E525}.RelWithDebInfo|x64.ActiveCfg = RelWithDebInfo|x64
		{A52FA882-0401-382B-BED1-A3FB9192E525}.RelWithDebInfo|x64.Build.0 = RelWithDebInfo|x64
		{3B1FF4E8-4E2A-33AA-8BB7-58130E4D7838}.Debug|x64.ActiveCfg = Debug|x64
		{3B1FF4E8-4E2A-33AA-8BB7-58130E4D7838}.Debug|x64.Build.0 = Debug|x64
		{3B1FF4E8-4E2A-33AA-8BB7-58130E4D7838}.Release|x64.ActiveCfg = Release|x64
		{3B1FF4E8-4E2A-33AA-8BB7-58130E4D7838}.Release|x64.Build.0 = Release|x64
		{3B1FF4E8-4E2A-33AA-8BB7-58130E4D7838}.MinSizeRel|x64.ActiveCfg = MinSizeRel|x64
		{3B1FF4E8-4E2A-33AA-8BB7-58130E4D7838}.MinSizeRel|x64.Build.0 = MinSizeRel|x64
		{3B1FF4E8-4E2A-33AA-8BB7-58130E4D7838}.RelWithDebInfo|x64.ActiveCfg = RelWithDebInfo|x64
		{3B1FF4E8-4E2A-33AA-8BB7-58130E4D7838}.RelWithDebInfo|x64.Build.0 = RelWithDebInfo|x64
		{9894F8F9-7497-3BB7-B1D3-384A02B97CE6}.Debug|x64.ActiveCfg = Debug|x64
		{9894F8F9-7497-3BB7-B1D3-384A02B97CE6}.Release|x64.ActiveCfg = Release|x64
		{9894F8F9-7497-3BB7-B1D3-384A02B97CE6}.MinSizeRel|x64.ActiveCfg = MinSizeRel|x64
		{9894F8F9-7497-3BB7-B1D3-384A02B97CE6}.RelWithDebInfo|x64.ActiveCfg = RelWithDebInfo|x64
		{C2A69430-26BE-378B-855F-8D2005655D2E}.Debug|x64.ActiveCfg = Debug|x64
		{C2A69430-26BE-378B-855F-8D2005655D2E}.Debug|x64.Build.0 = Debug|x64
		{C2A69430-26BE-378B-855F-8D2005655D2E}.Release|x64.ActiveCfg = Release|x64
		{C2A69430-26BE-378B-855F-8D2005655D2E}.Release|x64.Build.0 = Release|x64
		{C2A69430-26BE-378B-855F-8D2005655D2E}.MinSizeRel|x64.ActiveCfg = MinSizeRel|x64
		{C2A69430-26BE-378B-855F-8D2005655D2E}.MinSizeRel|x64.Build.0 = MinSizeRel|x64
		{C2A69430-26BE-378B-855F-8D2005655D2E}.RelWithDebInfo|x64.ActiveCfg = RelWithDebInfo|x64
		{C2A69430-26BE-378B-855F-8D2005655D2E}.RelWithDebInfo|x64.Build.0 = RelWithDebInfo|x64
		{575598F0-8C67-3447-BCF7-5CE49A2E5D6B}.Debug|x64.ActiveCfg = Debug|x64
		{575598F0-8C67-3447-BCF7-5CE49A2E5D6B}.Release|x64.ActiveCfg = Release|x64
		{575598F0-8C67-3447-BCF7-5CE49A2E5D6B}.MinSizeRel|x64.ActiveCfg = MinSizeRel|x64
		{575598F0-8C67-3447-BCF7-5CE49A2E5D6B}.RelWithDebInfo|x64.ActiveCfg = RelWithDebInfo|x64
		{F58D2FB1-82CD-303E-BC90-3FF251F00242}.Debug|x64.ActiveCfg = Debug|x64
		{F58D2FB1-82CD-303E-BC90-3FF251F00242}.Debug|x64.Build.0 = Debug|x64
		{F58D2FB1-82CD-303E-BC90-3FF251F00242}.Release|x64.ActiveCfg = Release|x64
		{F58D2FB1-82CD-303E-BC90-3FF251F00242}.Release|x64.Build.0 = Release|x64
		{F58D2FB1-82CD-303E-BC90-3FF251F00242}.MinSizeRel|x64.ActiveCfg = MinSizeRel|x64
		{F58D2FB1-82CD-303E-BC90-3FF251F00242}.MinSizeRel|x64.Build.0 = MinSizeRel|x64
		{F58D2FB1-82CD-303E-BC90-3FF251F00242}.RelWithDebInfo|x64.ActiveCfg = RelWithDebInfo|x64
		{F58D2FB1-82CD-303E-BC90-3FF251F00242}.RelWithDebInfo|x64.Build.0 = RelWithDebInfo|x64
		{CC2D4FAD-1B7D-340E-9AA4-8B2EFA5F48D0}.Debug|x64.ActiveCfg = Debug|x64
		{CC2D4FAD-1B7D-340E-9AA4-8B2EFA5F48D0}.Debug|x64.Build.0 = Debug|x64
		{CC2D4FAD-1B7D-340E-9AA4-8B2EFA5F48D0}.Release|x64.ActiveCfg = Release|x64
		{CC2D4FAD-1B7D-340E-9AA4-8B2EFA5F48D0}.Release|x64.Build.0 = Release|x64
		{CC2D4FAD-1B7D-340E-9AA4-8B2EFA5F48D0}.MinSizeRel|x64.ActiveCfg = MinSizeRel|x64
		{CC2D4FAD-1B7D-340E-9AA4-8B2EFA5F48D0}.MinSizeRel|x64.Build.0 = MinSizeRel|x64
		{CC2D4FAD-1B7D-340E-9AA4-8B2EFA5F48D0}.RelWithDebInfo|x64.ActiveCfg = RelWithDebInfo|x64
		{CC2D4FAD-1B7D-340E-9AA4-8B2EFA5F48D0}.RelWithDebInfo|x64.Build.0 = RelWithDebInfo|x64
		{2C5FB9E3-9AE3-393F-AF82-38C28CC78BC9}.Debug|x64.ActiveCfg = Debug|x64
		{2C5FB9E3-9AE3-393F-AF82-38C28CC78BC9}.Debug|x64.Build.0 = Debug|x64
		{2C5FB9E3-9AE3-393F-AF82-38C28CC78BC9}.Release|x64.ActiveCfg = Release|x64
		{2C5FB9E3-9AE3-393F-AF82-38C28CC78BC9}.Release|x64.Build.0 = Release|x64
		{2C5FB9E3-9AE3-393F-AF82-38C28CC78BC9}.MinSizeRel|x64.ActiveCfg = MinSizeRel|x64
		{2C5FB9E3-9AE3-393F-AF82-38C28CC78BC9}.MinSizeRel|x64.Build.0 = MinSizeRel|x64
		{2C5FB9E3-9AE3-393F-AF82-38C28CC78BC9}.RelWithDebInfo|x64.ActiveCfg = RelWithDebInfo|x64
		{2C5FB9E3-9AE3-393F-AF82-38C28CC78BC9}.RelWithDebInfo|x64.Build.0 = RelWithDebInfo|x64
		{2B4901B2-5251-39D7-8D75-38933B9E6AA6}.Debug|x64.ActiveCfg = Debug|x64
		{2B4901B2-5251-39D7-8D75-38933B9E6AA6}.Debug|x64.Build.0 = Debug|x64
		{2B4901B2-5251-39D7-8D75-38933B9E6AA6}.Release|x64.ActiveCfg = Release|x64
		{2B4901B2-5251-39D7-8D75-38933B9E6AA6}.Release|x64.Build.0 = Release|x64
		{2B4901B2-5251-39D7-8D75-38933B9E6AA6}.MinSizeRel|x64.ActiveCfg = MinSizeRel|x64
		{2B4901B2-5251-39D7-8D75-38933B9E6AA6}.MinSizeRel|x64.Build.0 = MinSizeRel|x64
		{2B4901B2-5251-39D7-8D75-38933B9E6AA6}.RelWithDebInfo|x64.ActiveCfg = RelWithDebInfo|x64
		{2B4901B2-5251-39D7-8D75-38933B9E6AA6}.RelWithDebInfo|x64.Build.0 = RelWithDebInfo|x64
		{8A59C2C7-EABE-3930-AFB4-6DB63EBF11FE}.Debug|x64.ActiveCfg = Debug|x64
		{8A59C2C7-EABE-3930-AFB4-6DB63EBF11FE}.Debug|x64.Build.0 = Debug|x64
		{8A59C2C7-EABE-3930-AFB4-6DB63EBF11FE}.Release|x64.ActiveCfg = Release|x64
		{8A59C2C7-EABE-3930-AFB4-6DB63EBF11FE}.Release|x64.Build.0 = Release|x64
		{8A59C2C7-EABE-3930-AFB4-6DB63EBF11FE}.MinSizeRel|x64.ActiveCfg = MinSizeRel|x64
		{8A59C2C7-EABE-3930-AFB4-6DB63EBF11FE}.MinSizeRel|x64.Build.0 = MinSizeRel|x64
		{8A59C2C7-EABE-3930-AFB4-6DB63EBF11FE}.RelWithDebInfo|x64.ActiveCfg = RelWithDebInfo|x64
		{8A59C2C7-EABE-3930-AFB4-6DB63EBF11FE}.RelWithDebInfo|x64.Build.0 = RelWithDebInfo|x64
		{55D10B4D-382C-3C38-B424-375009858049}.Debug|x64.ActiveCfg = Debug|x64
		{55D10B4D-382C-3C38-B424-375009858049}.Release|x64.ActiveCfg = Release|x64
		{55D10B4D-382C-3C38-B424-375009858049}.MinSizeRel|x64.ActiveCfg = MinSizeRel|x64
		{55D10B4D-382C-3C38-B424-375009858049}.RelWithDebInfo|x64.ActiveCfg = RelWithDebInfo|x64
		{5C670BBD-3D4B-3F36-BDCD-675309415794}.Debug|x64.ActiveCfg = Debug|x64
		{5C670BBD-3D4B-3F36-BDCD-675309415794}.Debug|x64.Build.0 = Debug|x64
		{5C670BBD-3D4B-3F36-BDCD-675309415794}.Release|x64.ActiveCfg = Release|x64
		{5C670BBD-3D4B-3F36-BDCD-675309415794}.Release|x64.Build.0 = Release|x64
		{5C670BBD-3D4B-3F36-BDCD-675309415794}.MinSizeRel|x64.ActiveCfg = MinSizeRel|x64
		{5C670BBD-3D4B-3F36-BDCD-675309415794}.MinSizeRel|x64.Build.0 = MinSizeRel|x64
		{5C670BBD-3D4B-3F36-BDCD-675309415794}.RelWithDebInfo|x64.ActiveCfg = RelWithDebInfo|x64
		{5C670BBD-3D4B-3F36-BDCD-675309415794}.RelWithDebInfo|x64.Build.0 = RelWithDebInfo|x64
	EndGlobalSection
	GlobalSection(ExtensibilityGlobals) = postSolution
		SolutionGuid = {4B75EF4E-12CD-3260-AB5C-F5DE3930B1C2}
	EndGlobalSection
	GlobalSection(ExtensibilityAddIns) = postSolution
	EndGlobalSection
EndGlobal
