<?xml version="1.0" encoding="utf-8"?>
<Project ToolsVersion="17.0" xmlns="http://schemas.microsoft.com/developer/msbuild/2003">
  <ItemGroup>
    <CustomBuild Include="C:\Users\mmadha\OneDrive - Transformers and Rectifiers Ltd\Desktop\bare_api\msc_file_explorer\CMakeFiles\22e32f7543164a8d689058b0dd87c83d\bs2_default.bin.rule">
      <Filter>CMake Rules</Filter>
    </CustomBuild>
    <CustomBuild Include="C:\Users\mmadha\OneDrive - Transformers and Rectifiers Ltd\Desktop\bare_api\msc_file_explorer\CMakeFiles\5b0b49dccacf27c88fcfb5a370b93275\bs2_default_bin.rule">
      <Filter>CMake Rules</Filter>
    </CustomBuild>
    <CustomBuild Include="C:\Users\mmadha\.pico-sdk\sdk\2.2.0\src\rp2040\boot_stage2\CMakeLists.txt" />
  </ItemGroup>
  <ItemGroup>
    <None Include="C:\Users\mmadha\OneDrive - Transformers and Rectifiers Ltd\Desktop\bare_api\msc_file_explorer\pico-sdk\src\rp2040\boot_stage2\CMakeFiles\bs2_default_bin" />
  </ItemGroup>
  <ItemGroup>
    <Filter Include="CMake Rules">
      <UniqueIdentifier>{67E44A89-C491-305C-8F4A-2F750C601599}</UniqueIdentifier>
    </Filter>
  </ItemGroup>
</Project>
